
Microsoft Visual Studio Solution File, Format Version 12.00
# Visual Studio 14
VisualStudioVersion = 14.0.24720.0
MinimumVisualStudioVersion = 10.0.40219.1
Project("{FAE04EC0-301F-11D3-BF4B-00C04F79EFBC}") = "NiquIoC", "NiquIoC\NiquIoC.csproj", "{6E444464-C09E-4BE8-B6AE-CA743F7CB9CE}"
EndProject
Project("{FAE04EC0-301F-11D3-BF4B-00C04F79EFBC}") = "NiquIoC.Test", "NiquIoC.Test\NiquIoC.Test.csproj", "{7154955D-3D68-47DC-A9A8-3EB2FCDDE5D4}"
EndProject
Global
	GlobalSection(SolutionConfigurationPlatforms) = preSolution
		Debug|Any CPU = Debug|Any CPU
		Release|Any CPU = Release|Any CPU
	EndGlobalSection
	GlobalSection(ProjectConfigurationPlatforms) = postSolution
		{6E444464-C09E-4BE8-B6AE-CA743F7CB9CE}.Debug|Any CPU.ActiveCfg = Debug|Any CPU
		{6E444464-C09E-4BE8-B6AE-CA743F7CB9CE}.Debug|Any CPU.Build.0 = Debug|Any CPU
		{6E444464-C09E-4BE8-B6AE-CA743F7CB9CE}.Release|Any CPU.ActiveCfg = Release|Any CPU
		{6E444464-C09E-4BE8-B6AE-CA743F7CB9CE}.Release|Any CPU.Build.0 = Release|Any CPU
		{7154955D-3D68-47DC-A9A8-3EB2FCDDE5D4}.Debug|Any CPU.ActiveCfg = Debug|Any CPU
		{7154955D-3D68-47DC-A9A8-3EB2FCDDE5D4}.Debug|Any CPU.Build.0 = Debug|Any CPU
		{7154955D-3D68-47DC-A9A8-3EB2FCDDE5D4}.Release|Any CPU.ActiveCfg = Release|Any CPU
		{7154955D-3D68-47DC-A9A8-3EB2FCDDE5D4}.Release|Any CPU.Build.0 = Release|Any CPU
	EndGlobalSection
	GlobalSection(SolutionProperties) = preSolution
		HideSolutionNode = FALSE
	EndGlobalSection
EndGlobal
