
Microsoft Visual Studio Solution File, Format Version 12.00
# Visual Studio 14
VisualStudioVersion = 14.0.24720.0
MinimumVisualStudioVersion = 10.0.40219.1
Project("{FAE04EC0-301F-11D3-BF4B-00C04F79EFBC}") = "PerformanceTests", "PerformanceTests\PerformanceTests.csproj", "{0FD42737-ADEA-4C5C-8BEF-A5F62C92CA40}"
EndProject
Project("{FAE04EC0-301F-11D3-BF4B-00C04F79EFBC}") = "SampleContainer", "SampleContainer\SampleContainer.csproj", "{956396EA-8B6C-4548-8468-89B04B435088}"
EndProject
Project("{FAE04EC0-301F-11D3-BF4B-00C04F79EFBC}") = "SampleContainer.Test", "Test\SampleContainer.Test.csproj", "{71A600DC-F310-42D3-884C-2F8DDF60C137}"
EndProject
Project("{FAE04EC0-301F-11D3-BF4B-00C04F79EFBC}") = "NiquIoCTmp", "NiquIoCTmp\NiquIoCTmp.csproj", "{1569BE5C-446F-4FCC-B809-5E787082F596}"
EndProject
Global
	GlobalSection(SolutionConfigurationPlatforms) = preSolution
		Debug|Any CPU = Debug|Any CPU
		Release|Any CPU = Release|Any CPU
	EndGlobalSection
	GlobalSection(ProjectConfigurationPlatforms) = postSolution
		{0FD42737-ADEA-4C5C-8BEF-A5F62C92CA40}.Debug|Any CPU.ActiveCfg = Debug|Any CPU
		{0FD42737-ADEA-4C5C-8BEF-A5F62C92CA40}.Debug|Any CPU.Build.0 = Debug|Any CPU
		{0FD42737-ADEA-4C5C-8BEF-A5F62C92CA40}.Release|Any CPU.ActiveCfg = Release|Any CPU
		{0FD42737-ADEA-4C5C-8BEF-A5F62C92CA40}.Release|Any CPU.Build.0 = Release|Any CPU
		{956396EA-8B6C-4548-8468-89B04B435088}.Debug|Any CPU.ActiveCfg = Debug|Any CPU
		{956396EA-8B6C-4548-8468-89B04B435088}.Debug|Any CPU.Build.0 = Debug|Any CPU
		{956396EA-8B6C-4548-8468-89B04B435088}.Release|Any CPU.ActiveCfg = Release|Any CPU
		{956396EA-8B6C-4548-8468-89B04B435088}.Release|Any CPU.Build.0 = Release|Any CPU
		{71A600DC-F310-42D3-884C-2F8DDF60C137}.Debug|Any CPU.ActiveCfg = Debug|Any CPU
		{71A600DC-F310-42D3-884C-2F8DDF60C137}.Debug|Any CPU.Build.0 = Debug|Any CPU
		{71A600DC-F310-42D3-884C-2F8DDF60C137}.Release|Any CPU.ActiveCfg = Release|Any CPU
		{71A600DC-F310-42D3-884C-2F8DDF60C137}.Release|Any CPU.Build.0 = Release|Any CPU
		{1569BE5C-446F-4FCC-B809-5E787082F596}.Debug|Any CPU.ActiveCfg = Debug|Any CPU
		{1569BE5C-446F-4FCC-B809-5E787082F596}.Debug|Any CPU.Build.0 = Debug|Any CPU
		{1569BE5C-446F-4FCC-B809-5E787082F596}.Release|Any CPU.ActiveCfg = Release|Any CPU
		{1569BE5C-446F-4FCC-B809-5E787082F596}.Release|Any CPU.Build.0 = Release|Any CPU
	EndGlobalSection
	GlobalSection(SolutionProperties) = preSolution
		HideSolutionNode = FALSE
	EndGlobalSection
EndGlobal
