
Microsoft Visual Studio Solution File, Format Version 12.00
# Visual Studio 14
VisualStudioVersion = 14.0.25420.1
MinimumVisualStudioVersion = 10.0.40219.1
Project("{FAE04EC0-301F-11D3-BF4B-00C04F79EFBC}") = "DryIoc", "DryIoc\DryIoc.csproj", "{9946A13C-9436-4263-806E-BD1B344A13FB}"
EndProject
Project("{FAE04EC0-301F-11D3-BF4B-00C04F79EFBC}") = "PerformanceCalculator", "PerformanceCalculator\PerformanceCalculator.csproj", "{0688F11B-4BCD-4EDD-B0EC-0EF51B96BB07}"
EndProject
Project("{FAE04EC0-301F-11D3-BF4B-00C04F79EFBC}") = "PerformanceCalculatorRunner", "PerformanceCalculatorRunner\PerformanceCalculatorRunner.csproj", "{9C3E4CC3-8D83-4D9A-B59B-8E583C8B5B52}"
EndProject
Project("{FAE04EC0-301F-11D3-BF4B-00C04F79EFBC}") = "PerformanceCalculator.Tests", "PerformanceCalculator.Tests\PerformanceCalculator.Tests.csproj", "{092E8B80-CEEA-434A-9F72-BB5B0423930C}"
EndProject
Project("{FAE04EC0-301F-11D3-BF4B-00C04F79EFBC}") = "PerformanceCalculator.Common", "PerformanceCalculator.Common\PerformanceCalculator.Common.csproj", "{F8A9C60E-8402-4AB5-8C43-1AD21D6B6CF5}"
EndProject
Project("{FAE04EC0-301F-11D3-BF4B-00C04F79EFBC}") = "PerformanceCalculator.WebApp.NiquIoCFull", "PerformanceCalculator.WebApp.NiquIoCFull\PerformanceCalculator.WebApp.NiquIoCFull.csproj", "{8A160909-A2BF-41F5-8BDF-48286142F7FE}"
EndProject
Project("{FAE04EC0-301F-11D3-BF4B-00C04F79EFBC}") = "PerformanceCalculator.WebApp.Autofac", "PerformanceCalculator.WebApp.Autofac\PerformanceCalculator.WebApp.Autofac.csproj", "{9E3C9366-E5A2-423B-B512-E0BA2222E229}"
EndProject
Project("{2150E333-8FDC-42A3-9474-1A3956D46DE8}") = "WebApps", "WebApps", "{BDE5A155-0A2C-4609-856A-ED52A55CF233}"
EndProject
Project("{FAE04EC0-301F-11D3-BF4B-00C04F79EFBC}") = "PerformanceCalculator.WebApp.DryIoc", "PerformanceCalculator.WebApp.DryIoc\PerformanceCalculator.WebApp.DryIoc.csproj", "{138A5A88-D5C5-473C-847D-0AE2375A4614}"
EndProject
Project("{FAE04EC0-301F-11D3-BF4B-00C04F79EFBC}") = "PerformanceCalculator.WebApp.LightInject", "PerformanceCalculator.WebApp.LightInject\PerformanceCalculator.WebApp.LightInject.csproj", "{7DA236E5-BF23-4188-A624-5819241B632E}"
EndProject
Project("{FAE04EC0-301F-11D3-BF4B-00C04F79EFBC}") = "PerformanceCalculator.WebApp.NiquIoCPartial", "PerformanceCalculator.WebApp.NiquIoCPartial\PerformanceCalculator.WebApp.NiquIoCPartial.csproj", "{47F9DB95-37A3-4CDB-A165-D7C7709CE8CA}"
EndProject
Project("{FAE04EC0-301F-11D3-BF4B-00C04F79EFBC}") = "PerformanceCalculator.WebApp.SimpleInjector", "PerformanceCalculator.WebApp.SimpleInjector\PerformanceCalculator.WebApp.SimpleInjector.csproj", "{E18B3129-FE42-4DF7-BE8C-58F7C6FA3D67}"
EndProject
Project("{FAE04EC0-301F-11D3-BF4B-00C04F79EFBC}") = "PerformanceCalculator.WebApp.StructureMap", "PerformanceCalculator.WebApp.StructureMap\PerformanceCalculator.WebApp.StructureMap.csproj", "{AF4C953F-1A68-4222-88DA-F54D207BC601}"
EndProject
Project("{FAE04EC0-301F-11D3-BF4B-00C04F79EFBC}") = "PerformanceCalculator.WebApp.Unity", "PerformanceCalculator.WebApp.Unity\PerformanceCalculator.WebApp.Unity.csproj", "{7B106DF5-143C-462D-BD93-043C3DFE3477}"
EndProject
Project("{FAE04EC0-301F-11D3-BF4B-00C04F79EFBC}") = "PerformanceCalculator.WebApp.Windsor", "PerformanceCalculator.WebApp.Windsor\PerformanceCalculator.WebApp.Windsor.csproj", "{34C85913-57D3-4712-90D0-4C232C85CCB6}"
EndProject
Project("{FAE04EC0-301F-11D3-BF4B-00C04F79EFBC}") = "PerformanceCalculator.WebApp.Tests", "PerformanceCalculator.WebApp.Tests\PerformanceCalculator.WebApp.Tests.csproj", "{5467475D-9CF4-4001-B87E-4CB63DF05782}"
EndProject
Global
	GlobalSection(SolutionConfigurationPlatforms) = preSolution
		Debug|Any CPU = Debug|Any CPU
		Release|Any CPU = Release|Any CPU
	EndGlobalSection
	GlobalSection(ProjectConfigurationPlatforms) = postSolution
		{9946A13C-9436-4263-806E-BD1B344A13FB}.Debug|Any CPU.ActiveCfg = Debug|Any CPU
		{9946A13C-9436-4263-806E-BD1B344A13FB}.Debug|Any CPU.Build.0 = Debug|Any CPU
		{9946A13C-9436-4263-806E-BD1B344A13FB}.Release|Any CPU.ActiveCfg = Release|Any CPU
		{9946A13C-9436-4263-806E-BD1B344A13FB}.Release|Any CPU.Build.0 = Release|Any CPU
		{0688F11B-4BCD-4EDD-B0EC-0EF51B96BB07}.Debug|Any CPU.ActiveCfg = Debug|Any CPU
		{0688F11B-4BCD-4EDD-B0EC-0EF51B96BB07}.Debug|Any CPU.Build.0 = Debug|Any CPU
		{0688F11B-4BCD-4EDD-B0EC-0EF51B96BB07}.Release|Any CPU.ActiveCfg = Release|Any CPU
		{0688F11B-4BCD-4EDD-B0EC-0EF51B96BB07}.Release|Any CPU.Build.0 = Release|Any CPU
		{9C3E4CC3-8D83-4D9A-B59B-8E583C8B5B52}.Debug|Any CPU.ActiveCfg = Debug|Any CPU
		{9C3E4CC3-8D83-4D9A-B59B-8E583C8B5B52}.Debug|Any CPU.Build.0 = Debug|Any CPU
		{9C3E4CC3-8D83-4D9A-B59B-8E583C8B5B52}.Release|Any CPU.ActiveCfg = Release|Any CPU
		{9C3E4CC3-8D83-4D9A-B59B-8E583C8B5B52}.Release|Any CPU.Build.0 = Release|Any CPU
		{092E8B80-CEEA-434A-9F72-BB5B0423930C}.Debug|Any CPU.ActiveCfg = Debug|Any CPU
		{092E8B80-CEEA-434A-9F72-BB5B0423930C}.Debug|Any CPU.Build.0 = Debug|Any CPU
		{092E8B80-CEEA-434A-9F72-BB5B0423930C}.Release|Any CPU.ActiveCfg = Release|Any CPU
		{092E8B80-CEEA-434A-9F72-BB5B0423930C}.Release|Any CPU.Build.0 = Release|Any CPU
		{F8A9C60E-8402-4AB5-8C43-1AD21D6B6CF5}.Debug|Any CPU.ActiveCfg = Debug|Any CPU
		{F8A9C60E-8402-4AB5-8C43-1AD21D6B6CF5}.Debug|Any CPU.Build.0 = Debug|Any CPU
		{F8A9C60E-8402-4AB5-8C43-1AD21D6B6CF5}.Release|Any CPU.ActiveCfg = Release|Any CPU
		{F8A9C60E-8402-4AB5-8C43-1AD21D6B6CF5}.Release|Any CPU.Build.0 = Release|Any CPU
		{8A160909-A2BF-41F5-8BDF-48286142F7FE}.Debug|Any CPU.ActiveCfg = Debug|Any CPU
		{8A160909-A2BF-41F5-8BDF-48286142F7FE}.Debug|Any CPU.Build.0 = Debug|Any CPU
		{8A160909-A2BF-41F5-8BDF-48286142F7FE}.Release|Any CPU.ActiveCfg = Release|Any CPU
		{8A160909-A2BF-41F5-8BDF-48286142F7FE}.Release|Any CPU.Build.0 = Release|Any CPU
		{9E3C9366-E5A2-423B-B512-E0BA2222E229}.Debug|Any CPU.ActiveCfg = Debug|Any CPU
		{9E3C9366-E5A2-423B-B512-E0BA2222E229}.Debug|Any CPU.Build.0 = Debug|Any CPU
		{9E3C9366-E5A2-423B-B512-E0BA2222E229}.Release|Any CPU.ActiveCfg = Release|Any CPU
		{9E3C9366-E5A2-423B-B512-E0BA2222E229}.Release|Any CPU.Build.0 = Release|Any CPU
		{138A5A88-D5C5-473C-847D-0AE2375A4614}.Debug|Any CPU.ActiveCfg = Debug|Any CPU
		{138A5A88-D5C5-473C-847D-0AE2375A4614}.Debug|Any CPU.Build.0 = Debug|Any CPU
		{138A5A88-D5C5-473C-847D-0AE2375A4614}.Release|Any CPU.ActiveCfg = Release|Any CPU
		{138A5A88-D5C5-473C-847D-0AE2375A4614}.Release|Any CPU.Build.0 = Release|Any CPU
		{7DA236E5-BF23-4188-A624-5819241B632E}.Debug|Any CPU.ActiveCfg = Debug|Any CPU
		{7DA236E5-BF23-4188-A624-5819241B632E}.Debug|Any CPU.Build.0 = Debug|Any CPU
		{7DA236E5-BF23-4188-A624-5819241B632E}.Release|Any CPU.ActiveCfg = Release|Any CPU
		{7DA236E5-BF23-4188-A624-5819241B632E}.Release|Any CPU.Build.0 = Release|Any CPU
		{47F9DB95-37A3-4CDB-A165-D7C7709CE8CA}.Debug|Any CPU.ActiveCfg = Debug|Any CPU
		{47F9DB95-37A3-4CDB-A165-D7C7709CE8CA}.Debug|Any CPU.Build.0 = Debug|Any CPU
		{47F9DB95-37A3-4CDB-A165-D7C7709CE8CA}.Release|Any CPU.ActiveCfg = Release|Any CPU
		{47F9DB95-37A3-4CDB-A165-D7C7709CE8CA}.Release|Any CPU.Build.0 = Release|Any CPU
		{E18B3129-FE42-4DF7-BE8C-58F7C6FA3D67}.Debug|Any CPU.ActiveCfg = Debug|Any CPU
		{E18B3129-FE42-4DF7-BE8C-58F7C6FA3D67}.Debug|Any CPU.Build.0 = Debug|Any CPU
		{E18B3129-FE42-4DF7-BE8C-58F7C6FA3D67}.Release|Any CPU.ActiveCfg = Release|Any CPU
		{E18B3129-FE42-4DF7-BE8C-58F7C6FA3D67}.Release|Any CPU.Build.0 = Release|Any CPU
		{AF4C953F-1A68-4222-88DA-F54D207BC601}.Debug|Any CPU.ActiveCfg = Debug|Any CPU
		{AF4C953F-1A68-4222-88DA-F54D207BC601}.Debug|Any CPU.Build.0 = Debug|Any CPU
		{AF4C953F-1A68-4222-88DA-F54D207BC601}.Release|Any CPU.ActiveCfg = Release|Any CPU
		{AF4C953F-1A68-4222-88DA-F54D207BC601}.Release|Any CPU.Build.0 = Release|Any CPU
		{7B106DF5-143C-462D-BD93-043C3DFE3477}.Debug|Any CPU.ActiveCfg = Debug|Any CPU
		{7B106DF5-143C-462D-BD93-043C3DFE3477}.Debug|Any CPU.Build.0 = Debug|Any CPU
		{7B106DF5-143C-462D-BD93-043C3DFE3477}.Release|Any CPU.ActiveCfg = Release|Any CPU
		{7B106DF5-143C-462D-BD93-043C3DFE3477}.Release|Any CPU.Build.0 = Release|Any CPU
		{34C85913-57D3-4712-90D0-4C232C85CCB6}.Debug|Any CPU.ActiveCfg = Debug|Any CPU
		{34C85913-57D3-4712-90D0-4C232C85CCB6}.Debug|Any CPU.Build.0 = Debug|Any CPU
		{34C85913-57D3-4712-90D0-4C232C85CCB6}.Release|Any CPU.ActiveCfg = Release|Any CPU
		{34C85913-57D3-4712-90D0-4C232C85CCB6}.Release|Any CPU.Build.0 = Release|Any CPU
		{5467475D-9CF4-4001-B87E-4CB63DF05782}.Debug|Any CPU.ActiveCfg = Debug|Any CPU
		{5467475D-9CF4-4001-B87E-4CB63DF05782}.Debug|Any CPU.Build.0 = Debug|Any CPU
		{5467475D-9CF4-4001-B87E-4CB63DF05782}.Release|Any CPU.ActiveCfg = Release|Any CPU
		{5467475D-9CF4-4001-B87E-4CB63DF05782}.Release|Any CPU.Build.0 = Release|Any CPU
	EndGlobalSection
	GlobalSection(SolutionProperties) = preSolution
		HideSolutionNode = FALSE
	EndGlobalSection
	GlobalSection(NestedProjects) = preSolution
		{8A160909-A2BF-41F5-8BDF-48286142F7FE} = {BDE5A155-0A2C-4609-856A-ED52A55CF233}
		{9E3C9366-E5A2-423B-B512-E0BA2222E229} = {BDE5A155-0A2C-4609-856A-ED52A55CF233}
		{138A5A88-D5C5-473C-847D-0AE2375A4614} = {BDE5A155-0A2C-4609-856A-ED52A55CF233}
		{7DA236E5-BF23-4188-A624-5819241B632E} = {BDE5A155-0A2C-4609-856A-ED52A55CF233}
		{47F9DB95-37A3-4CDB-A165-D7C7709CE8CA} = {BDE5A155-0A2C-4609-856A-ED52A55CF233}
		{E18B3129-FE42-4DF7-BE8C-58F7C6FA3D67} = {BDE5A155-0A2C-4609-856A-ED52A55CF233}
		{AF4C953F-1A68-4222-88DA-F54D207BC601} = {BDE5A155-0A2C-4609-856A-ED52A55CF233}
		{7B106DF5-143C-462D-BD93-043C3DFE3477} = {BDE5A155-0A2C-4609-856A-ED52A55CF233}
		{34C85913-57D3-4712-90D0-4C232C85CCB6} = {BDE5A155-0A2C-4609-856A-ED52A55CF233}
	EndGlobalSection
EndGlobal
